{
  "requires": true,
  "lockfileVersion": 1,
  "dependencies": {
    "easyqrcodejs": {
      "version": "4.3.1",
      "resolved": "https://registry.npmjs.org/easyqrcodejs/-/easyqrcodejs-4.3.1.tgz",
      "integrity": "sha512-/1QbzGZr60zjGmOyry5ZxXyNMFxVpjEHyU1nirKqy/YhfiztODb9nP+ev7EO70xjm/KoviE8rVTbHY96QryUMA=="
    }
  }
}
